// !$*UTF8*$!
{
	archiveVersion = 1;
	classes = {
	};
	objectVersion = 46;
	objects = {

/* Begin PBXBuildFile section */
		7E1878CA19ECB7DC00487429 /* GlimpseXML.framework in Frameworks */ = {isa = PBXBuildFile; fileRef = 7E1878BE19ECB7DC00487429 /* GlimpseXML.framework */; };
		7E1878D119ECB7DC00487429 /* GlimpseXMLTests.swift in Sources */ = {isa = PBXBuildFile; fileRef = 7E1878D019ECB7DC00487429 /* GlimpseXMLTests.swift */; };
		7E1878DB19ECB82B00487429 /* GlimpseXML.swift in Sources */ = {isa = PBXBuildFile; fileRef = 7E1878DA19ECB82B00487429 /* GlimpseXML.swift */; };
		7E1878DE19ECB92200487429 /* libxml2.dylib in Frameworks */ = {isa = PBXBuildFile; fileRef = 7E1878DD19ECB92200487429 /* libxml2.dylib */; };
		7E1878E119ECBC0D00487429 /* GlimpseXML-Bridge.c in Sources */ = {isa = PBXBuildFile; fileRef = 7E1878E019ECBC0D00487429 /* GlimpseXML-Bridge.c */; };
/* End PBXBuildFile section */

/* Begin PBXContainerItemProxy section */
		7E1878CB19ECB7DC00487429 /* PBXContainerItemProxy */ = {
			isa = PBXContainerItemProxy;
			containerPortal = 7E1878B519ECB7DC00487429 /* Project object */;
			proxyType = 1;
			remoteGlobalIDString = 7E1878BD19ECB7DC00487429;
			remoteInfo = GlimpseXML;
		};
/* End PBXContainerItemProxy section */

/* Begin PBXFileReference section */
		7E0E4D441A8CEDEF00D3830F /* README.md */ = {isa = PBXFileReference; lastKnownFileType = net.daringfireball.markdown; path = README.md; sourceTree = "<group>"; };
		7E1878BE19ECB7DC00487429 /* GlimpseXML.framework */ = {isa = PBXFileReference; explicitFileType = wrapper.framework; includeInIndex = 0; path = GlimpseXML.framework; sourceTree = BUILT_PRODUCTS_DIR; };
		7E1878C219ECB7DC00487429 /* Info.plist */ = {isa = PBXFileReference; lastKnownFileType = text.plist.xml; path = Info.plist; sourceTree = "<group>"; };
		7E1878C319ECB7DC00487429 /* GlimpseXML.h */ = {isa = PBXFileReference; lastKnownFileType = sourcecode.c.h; path = GlimpseXML.h; sourceTree = "<group>"; };
		7E1878C919ECB7DC00487429 /* GlimpseXMLTests.xctest */ = {isa = PBXFileReference; explicitFileType = wrapper.cfbundle; includeInIndex = 0; path = GlimpseXMLTests.xctest; sourceTree = BUILT_PRODUCTS_DIR; };
		7E1878CF19ECB7DC00487429 /* Info.plist */ = {isa = PBXFileReference; lastKnownFileType = text.plist.xml; path = Info.plist; sourceTree = "<group>"; };
		7E1878D019ECB7DC00487429 /* GlimpseXMLTests.swift */ = {isa = PBXFileReference; lastKnownFileType = sourcecode.swift; path = GlimpseXMLTests.swift; sourceTree = "<group>"; };
		7E1878DA19ECB82B00487429 /* GlimpseXML.swift */ = {isa = PBXFileReference; fileEncoding = 4; lastKnownFileType = sourcecode.swift; path = GlimpseXML.swift; sourceTree = "<group>"; };
		7E1878DC19ECB8D200487429 /* GlimpseXML-Bridge.h */ = {isa = PBXFileReference; lastKnownFileType = sourcecode.c.h; path = "GlimpseXML-Bridge.h"; sourceTree = "<group>"; };
		7E1878DD19ECB92200487429 /* libxml2.dylib */ = {isa = PBXFileReference; lastKnownFileType = "compiled.mach-o.dylib"; name = libxml2.dylib; path = usr/lib/libxml2.dylib; sourceTree = SDKROOT; };
		7E1878E019ECBC0D00487429 /* GlimpseXML-Bridge.c */ = {isa = PBXFileReference; fileEncoding = 4; lastKnownFileType = sourcecode.c.c; path = "GlimpseXML-Bridge.c"; sourceTree = "<group>"; };
/* End PBXFileReference section */

/* Begin PBXFrameworksBuildPhase section */
		7E1878BA19ECB7DC00487429 /* Frameworks */ = {
			isa = PBXFrameworksBuildPhase;
			buildActionMask = 2147483647;
			files = (
				7E1878DE19ECB92200487429 /* libxml2.dylib in Frameworks */,
			);
			runOnlyForDeploymentPostprocessing = 0;
		};
		7E1878C619ECB7DC00487429 /* Frameworks */ = {
			isa = PBXFrameworksBuildPhase;
			buildActionMask = 2147483647;
			files = (
				7E1878CA19ECB7DC00487429 /* GlimpseXML.framework in Frameworks */,
			);
			runOnlyForDeploymentPostprocessing = 0;
		};
/* End PBXFrameworksBuildPhase section */

/* Begin PBXGroup section */
		7E1878B419ECB7DC00487429 = {
			isa = PBXGroup;
			children = (
				7E0E4D441A8CEDEF00D3830F /* README.md */,
				7E1878C019ECB7DC00487429 /* GlimpseXML */,
				7E1878CD19ECB7DC00487429 /* GlimpseXMLTests */,
				7E1878BF19ECB7DC00487429 /* Products */,
			);
			sourceTree = "<group>";
		};
		7E1878BF19ECB7DC00487429 /* Products */ = {
			isa = PBXGroup;
			children = (
				7E1878BE19ECB7DC00487429 /* GlimpseXML.framework */,
				7E1878C919ECB7DC00487429 /* GlimpseXMLTests.xctest */,
			);
			name = Products;
			sourceTree = "<group>";
		};
		7E1878C019ECB7DC00487429 /* GlimpseXML */ = {
			isa = PBXGroup;
			children = (
				7E1878DA19ECB82B00487429 /* GlimpseXML.swift */,
				7E1878C319ECB7DC00487429 /* GlimpseXML.h */,
				7E1878DC19ECB8D200487429 /* GlimpseXML-Bridge.h */,
				7E1878E019ECBC0D00487429 /* GlimpseXML-Bridge.c */,
				7E1878C119ECB7DC00487429 /* Supporting Files */,
			);
			path = GlimpseXML;
			sourceTree = "<group>";
		};
		7E1878C119ECB7DC00487429 /* Supporting Files */ = {
			isa = PBXGroup;
			children = (
				7E1878C219ECB7DC00487429 /* Info.plist */,
				7E1878DD19ECB92200487429 /* libxml2.dylib */,
			);
			name = "Supporting Files";
			sourceTree = "<group>";
		};
		7E1878CD19ECB7DC00487429 /* GlimpseXMLTests */ = {
			isa = PBXGroup;
			children = (
				7E1878D019ECB7DC00487429 /* GlimpseXMLTests.swift */,
				7E1878CE19ECB7DC00487429 /* Supporting Files */,
			);
			path = GlimpseXMLTests;
			sourceTree = "<group>";
		};
		7E1878CE19ECB7DC00487429 /* Supporting Files */ = {
			isa = PBXGroup;
			children = (
				7E1878CF19ECB7DC00487429 /* Info.plist */,
			);
			name = "Supporting Files";
			sourceTree = "<group>";
		};
/* End PBXGroup section */

/* Begin PBXHeadersBuildPhase section */
		7E1878BB19ECB7DC00487429 /* Headers */ = {
			isa = PBXHeadersBuildPhase;
			buildActionMask = 2147483647;
			files = (
			);
			runOnlyForDeploymentPostprocessing = 0;
		};
/* End PBXHeadersBuildPhase section */

/* Begin PBXNativeTarget section */
		7E1878BD19ECB7DC00487429 /* GlimpseXML */ = {
			isa = PBXNativeTarget;
			buildConfigurationList = 7E1878D419ECB7DC00487429 /* Build configuration list for PBXNativeTarget "GlimpseXML" */;
			buildPhases = (
				7E1878B919ECB7DC00487429 /* Sources */,
				7E1878BA19ECB7DC00487429 /* Frameworks */,
				7E1878BB19ECB7DC00487429 /* Headers */,
				7E1878BC19ECB7DC00487429 /* Resources */,
			);
			buildRules = (
			);
			dependencies = (
			);
			name = GlimpseXML;
			productName = GlimpseXML;
			productReference = 7E1878BE19ECB7DC00487429 /* GlimpseXML.framework */;
			productType = "com.apple.product-type.framework";
		};
		7E1878C819ECB7DC00487429 /* GlimpseXMLTests */ = {
			isa = PBXNativeTarget;
			buildConfigurationList = 7E1878D719ECB7DC00487429 /* Build configuration list for PBXNativeTarget "GlimpseXMLTests" */;
			buildPhases = (
				7E1878C519ECB7DC00487429 /* Sources */,
				7E1878C619ECB7DC00487429 /* Frameworks */,
				7E1878C719ECB7DC00487429 /* Resources */,
			);
			buildRules = (
			);
			dependencies = (
				7E1878CC19ECB7DC00487429 /* PBXTargetDependency */,
			);
			name = GlimpseXMLTests;
			productName = GlimpseXMLTests;
			productReference = 7E1878C919ECB7DC00487429 /* GlimpseXMLTests.xctest */;
			productType = "com.apple.product-type.bundle.unit-test";
		};
/* End PBXNativeTarget section */

/* Begin PBXProject section */
		7E1878B519ECB7DC00487429 /* Project object */ = {
			isa = PBXProject;
			attributes = {
				LastUpgradeCheck = 0620;
				ORGANIZATIONNAME = glimpse.io;
				TargetAttributes = {
					7E1878BD19ECB7DC00487429 = {
						CreatedOnToolsVersion = 6.1;
					};
					7E1878C819ECB7DC00487429 = {
						CreatedOnToolsVersion = 6.1;
					};
				};
			};
			buildConfigurationList = 7E1878B819ECB7DC00487429 /* Build configuration list for PBXProject "GlimpseXML" */;
			compatibilityVersion = "Xcode 3.2";
			developmentRegion = English;
			hasScannedForEncodings = 0;
			knownRegions = (
				en,
			);
			mainGroup = 7E1878B419ECB7DC00487429;
			productRefGroup = 7E1878BF19ECB7DC00487429 /* Products */;
			projectDirPath = "";
			projectRoot = "";
			targets = (
				7E1878BD19ECB7DC00487429 /* GlimpseXML */,
				7E1878C819ECB7DC00487429 /* GlimpseXMLTests */,
			);
		};
/* End PBXProject section */

/* Begin PBXResourcesBuildPhase section */
		7E1878BC19ECB7DC00487429 /* Resources */ = {
			isa = PBXResourcesBuildPhase;
			buildActionMask = 2147483647;
			files = (
			);
			runOnlyForDeploymentPostprocessing = 0;
		};
		7E1878C719ECB7DC00487429 /* Resources */ = {
			isa = PBXResourcesBuildPhase;
			buildActionMask = 2147483647;
			files = (
			);
			runOnlyForDeploymentPostprocessing = 0;
		};
/* End PBXResourcesBuildPhase section */

/* Begin PBXSourcesBuildPhase section */
		7E1878B919ECB7DC00487429 /* Sources */ = {
			isa = PBXSourcesBuildPhase;
			buildActionMask = 2147483647;
			files = (
				7E1878E119ECBC0D00487429 /* GlimpseXML-Bridge.c in Sources */,
				7E1878DB19ECB82B00487429 /* GlimpseXML.swift in Sources */,
			);
			runOnlyForDeploymentPostprocessing = 0;
		};
		7E1878C519ECB7DC00487429 /* Sources */ = {
			isa = PBXSourcesBuildPhase;
			buildActionMask = 2147483647;
			files = (
				7E1878D119ECB7DC00487429 /* GlimpseXMLTests.swift in Sources */,
			);
			runOnlyForDeploymentPostprocessing = 0;
		};
/* End PBXSourcesBuildPhase section */

/* Begin PBXTargetDependency section */
		7E1878CC19ECB7DC00487429 /* PBXTargetDependency */ = {
			isa = PBXTargetDependency;
			target = 7E1878BD19ECB7DC00487429 /* GlimpseXML */;
			targetProxy = 7E1878CB19ECB7DC00487429 /* PBXContainerItemProxy */;
		};
/* End PBXTargetDependency section */

/* Begin XCBuildConfiguration section */
		7E1878D219ECB7DC00487429 /* Debug */ = {
			isa = XCBuildConfiguration;
			buildSettings = {
				CLANG_CXX_LANGUAGE_STANDARD = "gnu++0x";
				CLANG_CXX_LIBRARY = "libc++";
				CLANG_WARN_BOOL_CONVERSION = YES;
				CLANG_WARN_CONSTANT_CONVERSION = YES;
				CLANG_WARN_DIRECT_OBJC_ISA_USAGE = YES_ERROR;
				CLANG_WARN_EMPTY_BODY = YES;
				CLANG_WARN_ENUM_CONVERSION = YES;
				CLANG_WARN_INT_CONVERSION = YES;
				CLANG_WARN_OBJC_ROOT_CLASS = YES_ERROR;
				CLANG_WARN_UNREACHABLE_CODE = YES;
				CLANG_WARN__DUPLICATE_METHOD_MATCH = YES;
				ENABLE_STRICT_OBJC_MSGSEND = YES;
				GCC_C_LANGUAGE_STANDARD = gnu99;
				GCC_WARN_64_TO_32_BIT_CONVERSION = YES;
				GCC_WARN_ABOUT_RETURN_TYPE = YES_ERROR;
				GCC_WARN_UNDECLARED_SELECTOR = YES;
				GCC_WARN_UNINITIALIZED_AUTOS = YES_AGGRESSIVE;
				GCC_WARN_UNUSED_FUNCTION = YES;
				GCC_WARN_UNUSED_VARIABLE = YES;
				LD_RUNPATH_SEARCH_PATHS = "@executable_path/../Frameworks @loader_path/Frameworks @executable_path/Frameworks @loader_path/../Frameworks";
				ONLY_ACTIVE_ARCH = YES;
				SUPPORTED_PLATFORMS = "macosx iphoneos iphonesimulator";
			};
			name = Debug;
		};
		7E1878D319ECB7DC00487429 /* Release */ = {
			isa = XCBuildConfiguration;
			buildSettings = {
				CLANG_CXX_LANGUAGE_STANDARD = "gnu++0x";
				CLANG_CXX_LIBRARY = "libc++";
				CLANG_WARN_BOOL_CONVERSION = YES;
				CLANG_WARN_CONSTANT_CONVERSION = YES;
				CLANG_WARN_DIRECT_OBJC_ISA_USAGE = YES_ERROR;
				CLANG_WARN_EMPTY_BODY = YES;
				CLANG_WARN_ENUM_CONVERSION = YES;
				CLANG_WARN_INT_CONVERSION = YES;
				CLANG_WARN_OBJC_ROOT_CLASS = YES_ERROR;
				CLANG_WARN_UNREACHABLE_CODE = YES;
				CLANG_WARN__DUPLICATE_METHOD_MATCH = YES;
				ENABLE_NS_ASSERTIONS = NO;
				ENABLE_STRICT_OBJC_MSGSEND = YES;
				GCC_C_LANGUAGE_STANDARD = gnu99;
				GCC_WARN_64_TO_32_BIT_CONVERSION = YES;
				GCC_WARN_ABOUT_RETURN_TYPE = YES_ERROR;
				GCC_WARN_UNDECLARED_SELECTOR = YES;
				GCC_WARN_UNINITIALIZED_AUTOS = YES_AGGRESSIVE;
				GCC_WARN_UNUSED_FUNCTION = YES;
				GCC_WARN_UNUSED_VARIABLE = YES;
				LD_RUNPATH_SEARCH_PATHS = "@executable_path/../Frameworks @loader_path/Frameworks @executable_path/Frameworks @loader_path/../Frameworks";
				SUPPORTED_PLATFORMS = "macosx iphoneos iphonesimulator";
				VALIDATE_PRODUCT = YES;
			};
			name = Release;
		};
		7E1878D519ECB7DC00487429 /* Debug */ = {
			isa = XCBuildConfiguration;
			buildSettings = {
				CLANG_ALLOW_NON_MODULAR_INCLUDES_IN_FRAMEWORK_MODULES = YES;
				COMBINE_HIDPI_IMAGES = YES;
				DEFINES_MODULE = YES;
				DYLIB_COMPATIBILITY_VERSION = 1;
				DYLIB_CURRENT_VERSION = 1;
				DYLIB_INSTALL_NAME_BASE = "@rpath";
				FRAMEWORK_VERSION = A;
				GCC_PREPROCESSOR_DEFINITIONS = GLIMPSEXML_FRAMEWORK;
				HEADER_SEARCH_PATHS = (
					"$(SDKROOT)/usr/include/libxml2",
					"$(inherited)",
					/Applications/Xcode.app/Contents/Developer/Toolchains/XcodeDefault.xctoolchain/usr/include,
				);
				INFOPLIST_FILE = GlimpseXML/Info.plist;
				INSTALL_PATH = "$(LOCAL_LIBRARY_DIR)/Frameworks";
				PRODUCT_NAME = "$(TARGET_NAME)";
				SKIP_INSTALL = YES;
				SWIFT_OBJC_BRIDGING_HEADER = "GlimpseXML/GlimpseXML-Bridge.h";
				SWIFT_OPTIMIZATION_LEVEL = "-Onone";
			};
			name = Debug;
		};
		7E1878D619ECB7DC00487429 /* Release */ = {
			isa = XCBuildConfiguration;
			buildSettings = {
				CLANG_ALLOW_NON_MODULAR_INCLUDES_IN_FRAMEWORK_MODULES = YES;
				COMBINE_HIDPI_IMAGES = YES;
				DEFINES_MODULE = YES;
				DYLIB_COMPATIBILITY_VERSION = 1;
				DYLIB_CURRENT_VERSION = 1;
				DYLIB_INSTALL_NAME_BASE = "@rpath";
				FRAMEWORK_VERSION = A;
				GCC_PREPROCESSOR_DEFINITIONS = GLIMPSEXML_FRAMEWORK;
				HEADER_SEARCH_PATHS = (
					"$(SDKROOT)/usr/include/libxml2",
					"$(inherited)",
					/Applications/Xcode.app/Contents/Developer/Toolchains/XcodeDefault.xctoolchain/usr/include,
				);
				INFOPLIST_FILE = GlimpseXML/Info.plist;
				INSTALL_PATH = "$(LOCAL_LIBRARY_DIR)/Frameworks";
				PRODUCT_NAME = "$(TARGET_NAME)";
				SKIP_INSTALL = YES;
				SWIFT_OBJC_BRIDGING_HEADER = "GlimpseXML/GlimpseXML-Bridge.h";
			};
			name = Release;
		};
		7E1878D819ECB7DC00487429 /* Debug */ = {
			isa = XCBuildConfiguration;
			buildSettings = {
				COMBINE_HIDPI_IMAGES = YES;
				GCC_PREPROCESSOR_DEFINITIONS = (
					"DEBUG=1",
					"$(inherited)",
				);
				INFOPLIST_FILE = GlimpseXMLTests/Info.plist;
				PRODUCT_NAME = "$(TARGET_NAME)";
			};
			name = Debug;
		};
		7E1878D919ECB7DC00487429 /* Release */ = {
			isa = XCBuildConfiguration;
			buildSettings = {
				COMBINE_HIDPI_IMAGES = YES;
				INFOPLIST_FILE = GlimpseXMLTests/Info.plist;
				PRODUCT_NAME = "$(TARGET_NAME)";
			};
			name = Release;
		};
/* End XCBuildConfiguration section */

/* Begin XCConfigurationList section */
		7E1878B819ECB7DC00487429 /* Build configuration list for PBXProject "GlimpseXML" */ = {
			isa = XCConfigurationList;
			buildConfigurations = (
				7E1878D219ECB7DC00487429 /* Debug */,
				7E1878D319ECB7DC00487429 /* Release */,
			);
			defaultConfigurationIsVisible = 0;
			defaultConfigurationName = Release;
		};
		7E1878D419ECB7DC00487429 /* Build configuration list for PBXNativeTarget "GlimpseXML" */ = {
			isa = XCConfigurationList;
			buildConfigurations = (
				7E1878D519ECB7DC00487429 /* Debug */,
				7E1878D619ECB7DC00487429 /* Release */,
			);
			defaultConfigurationIsVisible = 0;
			defaultConfigurationName = Release;
		};
		7E1878D719ECB7DC00487429 /* Build configuration list for PBXNativeTarget "GlimpseXMLTests" */ = {
			isa = XCConfigurationList;
			buildConfigurations = (
				7E1878D819ECB7DC00487429 /* Debug */,
				7E1878D919ECB7DC00487429 /* Release */,
			);
			defaultConfigurationIsVisible = 0;
			defaultConfigurationName = Release;
		};
/* End XCConfigurationList section */
	};
	rootObject = 7E1878B519ECB7DC00487429 /* Project object */;
}
